
Microsoft Visual Studio Solution File, Format Version 12.00
# Visual Studio Version 17
VisualStudioVersion = 17.10.35004.147
MinimumVisualStudioVersion = 10.0.40219.1
Project("{FAE04EC0-301F-11D3-BF4B-00C04F79EFBC}") = "LoanApp", "LoanApp\LoanApp.csproj", "{9988E062-DF18-437E-B0B0-D02E221B2B9C}"
EndProject
Project("{FAE04EC0-301F-11D3-BF4B-00C04F79EFBC}") = "LocalLoanTest", "LocalLoanTest\LocalLoanTest.csproj", "{378C3844-ECA5-4197-BE34-CC4905E6DFEA}"
EndProject
Global
	GlobalSection(SolutionConfigurationPlatforms) = preSolution
		Debug|Any CPU = Debug|Any CPU
		Debug|ARM64 = Debug|ARM64
		Debug|x64 = Debug|x64
		Release|Any CPU = Release|Any CPU
		Release|ARM64 = Release|ARM64
		Release|x64 = Release|x64
	EndGlobalSection
	GlobalSection(ProjectConfigurationPlatforms) = postSolution
		{9988E062-DF18-437E-B0B0-D02E221B2B9C}.Debug|Any CPU.ActiveCfg = Debug|Any CPU
		{9988E062-DF18-437E-B0B0-D02E221B2B9C}.Debug|Any CPU.Build.0 = Debug|Any CPU
		{9988E062-DF18-437E-B0B0-D02E221B2B9C}.Debug|ARM64.ActiveCfg = Debug|Any CPU
		{9988E062-DF18-437E-B0B0-D02E221B2B9C}.Debug|ARM64.Build.0 = Debug|Any CPU
		{9988E062-DF18-437E-B0B0-D02E221B2B9C}.Debug|x64.ActiveCfg = Debug|x64
		{9988E062-DF18-437E-B0B0-D02E221B2B9C}.Debug|x64.Build.0 = Debug|x64
		{9988E062-DF18-437E-B0B0-D02E221B2B9C}.Release|Any CPU.ActiveCfg = Release|Any CPU
		{9988E062-DF18-437E-B0B0-D02E221B2B9C}.Release|Any CPU.Build.0 = Release|Any CPU
		{9988E062-DF18-437E-B0B0-D02E221B2B9C}.Release|ARM64.ActiveCfg = Release|Any CPU
		{9988E062-DF18-437E-B0B0-D02E221B2B9C}.Release|ARM64.Build.0 = Release|Any CPU
		{9988E062-DF18-437E-B0B0-D02E221B2B9C}.Release|x64.ActiveCfg = Release|x64
		{9988E062-DF18-437E-B0B0-D02E221B2B9C}.Release|x64.Build.0 = Release|x64
		{378C3844-ECA5-4197-BE34-CC4905E6DFEA}.Debug|Any CPU.ActiveCfg = Debug|Any CPU
		{378C3844-ECA5-4197-BE34-CC4905E6DFEA}.Debug|Any CPU.Build.0 = Debug|Any CPU
		{378C3844-ECA5-4197-BE34-CC4905E6DFEA}.Debug|ARM64.ActiveCfg = Debug|ARM64
		{378C3844-ECA5-4197-BE34-CC4905E6DFEA}.Debug|ARM64.Build.0 = Debug|ARM64
		{378C3844-ECA5-4197-BE34-CC4905E6DFEA}.Debug|x64.ActiveCfg = Debug|Any CPU
		{378C3844-ECA5-4197-BE34-CC4905E6DFEA}.Debug|x64.Build.0 = Debug|Any CPU
		{378C3844-ECA5-4197-BE34-CC4905E6DFEA}.Release|Any CPU.ActiveCfg = Release|Any CPU
		{378C3844-ECA5-4197-BE34-CC4905E6DFEA}.Release|Any CPU.Build.0 = Release|Any CPU
		{378C3844-ECA5-4197-BE34-CC4905E6DFEA}.Release|ARM64.ActiveCfg = Release|ARM64
		{378C3844-ECA5-4197-BE34-CC4905E6DFEA}.Release|ARM64.Build.0 = Release|ARM64
		{378C3844-ECA5-4197-BE34-CC4905E6DFEA}.Release|x64.ActiveCfg = Release|Any CPU
		{378C3844-ECA5-4197-BE34-CC4905E6DFEA}.Release|x64.Build.0 = Release|Any CPU
	EndGlobalSection
	GlobalSection(SolutionProperties) = preSolution
		HideSolutionNode = FALSE
	EndGlobalSection
	GlobalSection(ExtensibilityGlobals) = postSolution
		SolutionGuid = {DB4C7232-F665-42FB-A4B4-03FCD126B58F}
	EndGlobalSection
EndGlobal
